// !$*UTF8*$!
{
	archiveVersion = 1;
	classes = {
	};
	objectVersion = 56;
	objects = {

/* Begin PBXBuildFile section */
		C755CB342A41913600FBA3E2 /* iOS_studyApp.swift in Sources */ = {isa = PBXBuildFile; fileRef = C755CB332A41913600FBA3E2 /* iOS_studyApp.swift */; };
		C755CB362A41913600FBA3E2 /* ContentView.swift in Sources */ = {isa = PBXBuildFile; fileRef = C755CB352A41913600FBA3E2 /* ContentView.swift */; };
		C755CB382A41913700FBA3E2 /* Assets.xcassets in Resources */ = {isa = PBXBuildFile; fileRef = C755CB372A41913700FBA3E2 /* Assets.xcassets */; };
		C755CB3C2A41913700FBA3E2 /* Preview Assets.xcassets in Resources */ = {isa = PBXBuildFile; fileRef = C755CB3B2A41913700FBA3E2 /* Preview Assets.xcassets */; };
		C755CB462A41913700FBA3E2 /* iOS_studyTests.swift in Sources */ = {isa = PBXBuildFile; fileRef = C755CB452A41913700FBA3E2 /* iOS_studyTests.swift */; };
		C755CB502A41913700FBA3E2 /* iOS_studyUITests.swift in Sources */ = {isa = PBXBuildFile; fileRef = C755CB4F2A41913700FBA3E2 /* iOS_studyUITests.swift */; };
		C755CB522A41913700FBA3E2 /* iOS_studyUITestsLaunchTests.swift in Sources */ = {isa = PBXBuildFile; fileRef = C755CB512A41913700FBA3E2 /* iOS_studyUITestsLaunchTests.swift */; };
		C755CB602A41920F00FBA3E2 /* YumemiWeather in Frameworks */ = {isa = PBXBuildFile; productRef = C755CB5F2A41920F00FBA3E2 /* YumemiWeather */; };
/* End PBXBuildFile section */

/* Begin PBXContainerItemProxy section */
		C755CB422A41913700FBA3E2 /* PBXContainerItemProxy */ = {
			isa = PBXContainerItemProxy;
			containerPortal = C755CB282A41913600FBA3E2 /* Project object */;
			proxyType = 1;
			remoteGlobalIDString = C755CB2F2A41913600FBA3E2;
			remoteInfo = "iOS-study";
		};
		C755CB4C2A41913700FBA3E2 /* PBXContainerItemProxy */ = {
			isa = PBXContainerItemProxy;
			containerPortal = C755CB282A41913600FBA3E2 /* Project object */;
			proxyType = 1;
			remoteGlobalIDString = C755CB2F2A41913600FBA3E2;
			remoteInfo = "iOS-study";
		};
/* End PBXContainerItemProxy section */

/* Begin PBXFileReference section */
		C755CB302A41913600FBA3E2 /* iOS-study.app */ = {isa = PBXFileReference; explicitFileType = wrapper.application; includeInIndex = 0; path = "iOS-study.app"; sourceTree = BUILT_PRODUCTS_DIR; };
		C755CB332A41913600FBA3E2 /* iOS_studyApp.swift */ = {isa = PBXFileReference; lastKnownFileType = sourcecode.swift; path = iOS_studyApp.swift; sourceTree = "<group>"; };
		C755CB352A41913600FBA3E2 /* ContentView.swift */ = {isa = PBXFileReference; lastKnownFileType = sourcecode.swift; path = ContentView.swift; sourceTree = "<group>"; };
		C755CB372A41913700FBA3E2 /* Assets.xcassets */ = {isa = PBXFileReference; lastKnownFileType = folder.assetcatalog; path = Assets.xcassets; sourceTree = "<group>"; };
		C755CB392A41913700FBA3E2 /* iOS_study.entitlements */ = {isa = PBXFileReference; lastKnownFileType = text.plist.entitlements; path = iOS_study.entitlements; sourceTree = "<group>"; };
		C755CB3B2A41913700FBA3E2 /* Preview Assets.xcassets */ = {isa = PBXFileReference; lastKnownFileType = folder.assetcatalog; path = "Preview Assets.xcassets"; sourceTree = "<group>"; };
		C755CB412A41913700FBA3E2 /* iOS-studyTests.xctest */ = {isa = PBXFileReference; explicitFileType = wrapper.cfbundle; includeInIndex = 0; path = "iOS-studyTests.xctest"; sourceTree = BUILT_PRODUCTS_DIR; };
		C755CB452A41913700FBA3E2 /* iOS_studyTests.swift */ = {isa = PBXFileReference; lastKnownFileType = sourcecode.swift; path = iOS_studyTests.swift; sourceTree = "<group>"; };
		C755CB4B2A41913700FBA3E2 /* iOS-studyUITests.xctest */ = {isa = PBXFileReference; explicitFileType = wrapper.cfbundle; includeInIndex = 0; path = "iOS-studyUITests.xctest"; sourceTree = BUILT_PRODUCTS_DIR; };
		C755CB4F2A41913700FBA3E2 /* iOS_studyUITests.swift */ = {isa = PBXFileReference; lastKnownFileType = sourcecode.swift; path = iOS_studyUITests.swift; sourceTree = "<group>"; };
		C755CB512A41913700FBA3E2 /* iOS_studyUITestsLaunchTests.swift */ = {isa = PBXFileReference; lastKnownFileType = sourcecode.swift; path = iOS_studyUITestsLaunchTests.swift; sourceTree = "<group>"; };
/* End PBXFileReference section */

/* Begin PBXFrameworksBuildPhase section */
		C755CB2D2A41913600FBA3E2 /* Frameworks */ = {
			isa = PBXFrameworksBuildPhase;
			buildActionMask = 2147483647;
			files = (
				C755CB602A41920F00FBA3E2 /* YumemiWeather in Frameworks */,
			);
			runOnlyForDeploymentPostprocessing = 0;
		};
		C755CB3E2A41913700FBA3E2 /* Frameworks */ = {
			isa = PBXFrameworksBuildPhase;
			buildActionMask = 2147483647;
			files = (
			);
			runOnlyForDeploymentPostprocessing = 0;
		};
		C755CB482A41913700FBA3E2 /* Frameworks */ = {
			isa = PBXFrameworksBuildPhase;
			buildActionMask = 2147483647;
			files = (
			);
			runOnlyForDeploymentPostprocessing = 0;
		};
/* End PBXFrameworksBuildPhase section */

/* Begin PBXGroup section */
		C755CB272A41913600FBA3E2 = {
			isa = PBXGroup;
			children = (
				C755CB322A41913600FBA3E2 /* iOS-study */,
				C755CB442A41913700FBA3E2 /* iOS-studyTests */,
				C755CB4E2A41913700FBA3E2 /* iOS-studyUITests */,
				C755CB312A41913600FBA3E2 /* Products */,
			);
			sourceTree = "<group>";
		};
		C755CB312A41913600FBA3E2 /* Products */ = {
			isa = PBXGroup;
			children = (
				C755CB302A41913600FBA3E2 /* iOS-study.app */,
				C755CB412A41913700FBA3E2 /* iOS-studyTests.xctest */,
				C755CB4B2A41913700FBA3E2 /* iOS-studyUITests.xctest */,
			);
			name = Products;
			sourceTree = "<group>";
		};
		C755CB322A41913600FBA3E2 /* iOS-study */ = {
			isa = PBXGroup;
			children = (
				C755CB332A41913600FBA3E2 /* iOS_studyApp.swift */,
				C755CB352A41913600FBA3E2 /* ContentView.swift */,
				C755CB372A41913700FBA3E2 /* Assets.xcassets */,
				C755CB392A41913700FBA3E2 /* iOS_study.entitlements */,
				C755CB3A2A41913700FBA3E2 /* Preview Content */,
			);
			path = "iOS-study";
			sourceTree = "<group>";
		};
		C755CB3A2A41913700FBA3E2 /* Preview Content */ = {
			isa = PBXGroup;
			children = (
				C755CB3B2A41913700FBA3E2 /* Preview Assets.xcassets */,
			);
			path = "Preview Content";
			sourceTree = "<group>";
		};
		C755CB442A41913700FBA3E2 /* iOS-studyTests */ = {
			isa = PBXGroup;
			children = (
				C755CB452A41913700FBA3E2 /* iOS_studyTests.swift */,
			);
			path = "iOS-studyTests";
			sourceTree = "<group>";
		};
		C755CB4E2A41913700FBA3E2 /* iOS-studyUITests */ = {
			isa = PBXGroup;
			children = (
				C755CB4F2A41913700FBA3E2 /* iOS_studyUITests.swift */,
				C755CB512A41913700FBA3E2 /* iOS_studyUITestsLaunchTests.swift */,
			);
			path = "iOS-studyUITests";
			sourceTree = "<group>";
		};
/* End PBXGroup section */

/* Begin PBXNativeTarget section */
		C755CB2F2A41913600FBA3E2 /* iOS-study */ = {
			isa = PBXNativeTarget;
			buildConfigurationList = C755CB552A41913700FBA3E2 /* Build configuration list for PBXNativeTarget "iOS-study" */;
			buildPhases = (
				C755CB2C2A41913600FBA3E2 /* Sources */,
				C755CB2D2A41913600FBA3E2 /* Frameworks */,
				C755CB2E2A41913600FBA3E2 /* Resources */,
			);
			buildRules = (
			);
			dependencies = (
			);
			name = "iOS-study";
			packageProductDependencies = (
				C755CB5F2A41920F00FBA3E2 /* YumemiWeather */,
			);
			productName = "iOS-study";
			productReference = C755CB302A41913600FBA3E2 /* iOS-study.app */;
			productType = "com.apple.product-type.application";
		};
		C755CB402A41913700FBA3E2 /* iOS-studyTests */ = {
			isa = PBXNativeTarget;
			buildConfigurationList = C755CB582A41913700FBA3E2 /* Build configuration list for PBXNativeTarget "iOS-studyTests" */;
			buildPhases = (
				C755CB3D2A41913700FBA3E2 /* Sources */,
				C755CB3E2A41913700FBA3E2 /* Frameworks */,
				C755CB3F2A41913700FBA3E2 /* Resources */,
			);
			buildRules = (
			);
			dependencies = (
				C755CB432A41913700FBA3E2 /* PBXTargetDependency */,
			);
			name = "iOS-studyTests";
			productName = "iOS-studyTests";
			productReference = C755CB412A41913700FBA3E2 /* iOS-studyTests.xctest */;
			productType = "com.apple.product-type.bundle.unit-test";
		};
		C755CB4A2A41913700FBA3E2 /* iOS-studyUITests */ = {
			isa = PBXNativeTarget;
			buildConfigurationList = C755CB5B2A41913700FBA3E2 /* Build configuration list for PBXNativeTarget "iOS-studyUITests" */;
			buildPhases = (
				C755CB472A41913700FBA3E2 /* Sources */,
				C755CB482A41913700FBA3E2 /* Frameworks */,
				C755CB492A41913700FBA3E2 /* Resources */,
			);
			buildRules = (
			);
			dependencies = (
				C755CB4D2A41913700FBA3E2 /* PBXTargetDependency */,
			);
			name = "iOS-studyUITests";
			productName = "iOS-studyUITests";
			productReference = C755CB4B2A41913700FBA3E2 /* iOS-studyUITests.xctest */;
			productType = "com.apple.product-type.bundle.ui-testing";
		};
/* End PBXNativeTarget section */

/* Begin PBXProject section */
		C755CB282A41913600FBA3E2 /* Project object */ = {
			isa = PBXProject;
			attributes = {
				BuildIndependentTargetsInParallel = 1;
				LastSwiftUpdateCheck = 1430;
				LastUpgradeCheck = 1430;
				TargetAttributes = {
					C755CB2F2A41913600FBA3E2 = {
						CreatedOnToolsVersion = 14.3;
					};
					C755CB402A41913700FBA3E2 = {
						CreatedOnToolsVersion = 14.3;
						TestTargetID = C755CB2F2A41913600FBA3E2;
					};
					C755CB4A2A41913700FBA3E2 = {
						CreatedOnToolsVersion = 14.3;
						TestTargetID = C755CB2F2A41913600FBA3E2;
					};
				};
			};
			buildConfigurationList = C755CB2B2A41913600FBA3E2 /* Build configuration list for PBXProject "iOS-study" */;
			compatibilityVersion = "Xcode 14.0";
			developmentRegion = en;
			hasScannedForEncodings = 0;
			knownRegions = (
				en,
				Base,
			);
			mainGroup = C755CB272A41913600FBA3E2;
			packageReferences = (
				C755CB5E2A41920F00FBA3E2 /* XCRemoteSwiftPackageReference "ios-training" */,
			);
			productRefGroup = C755CB312A41913600FBA3E2 /* Products */;
			projectDirPath = "";
			projectRoot = "";
			targets = (
				C755CB2F2A41913600FBA3E2 /* iOS-study */,
				C755CB402A41913700FBA3E2 /* iOS-studyTests */,
				C755CB4A2A41913700FBA3E2 /* iOS-studyUITests */,
			);
		};
/* End PBXProject section */

/* Begin PBXResourcesBuildPhase section */
		C755CB2E2A41913600FBA3E2 /* Resources */ = {
			isa = PBXResourcesBuildPhase;
			buildActionMask = 2147483647;
			files = (
				C755CB3C2A41913700FBA3E2 /* Preview Assets.xcassets in Resources */,
				C755CB382A41913700FBA3E2 /* Assets.xcassets in Resources */,
			);
			runOnlyForDeploymentPostprocessing = 0;
		};
		C755CB3F2A41913700FBA3E2 /* Resources */ = {
			isa = PBXResourcesBuildPhase;
			buildActionMask = 2147483647;
			files = (
			);
			runOnlyForDeploymentPostprocessing = 0;
		};
		C755CB492A41913700FBA3E2 /* Resources */ = {
			isa = PBXResourcesBuildPhase;
			buildActionMask = 2147483647;
			files = (
			);
			runOnlyForDeploymentPostprocessing = 0;
		};
/* End PBXResourcesBuildPhase section */

/* Begin PBXSourcesBuildPhase section */
		C755CB2C2A41913600FBA3E2 /* Sources */ = {
			isa = PBXSourcesBuildPhase;
			buildActionMask = 2147483647;
			files = (
				C755CB362A41913600FBA3E2 /* ContentView.swift in Sources */,
				C755CB342A41913600FBA3E2 /* iOS_studyApp.swift in Sources */,
			);
			runOnlyForDeploymentPostprocessing = 0;
		};
		C755CB3D2A41913700FBA3E2 /* Sources */ = {
			isa = PBXSourcesBuildPhase;
			buildActionMask = 2147483647;
			files = (
				C755CB462A41913700FBA3E2 /* iOS_studyTests.swift in Sources */,
			);
			runOnlyForDeploymentPostprocessing = 0;
		};
		C755CB472A41913700FBA3E2 /* Sources */ = {
			isa = PBXSourcesBuildPhase;
			buildActionMask = 2147483647;
			files = (
				C755CB522A41913700FBA3E2 /* iOS_studyUITestsLaunchTests.swift in Sources */,
				C755CB502A41913700FBA3E2 /* iOS_studyUITests.swift in Sources */,
			);
			runOnlyForDeploymentPostprocessing = 0;
		};
/* End PBXSourcesBuildPhase section */

/* Begin PBXTargetDependency section */
		C755CB432A41913700FBA3E2 /* PBXTargetDependency */ = {
			isa = PBXTargetDependency;
			target = C755CB2F2A41913600FBA3E2 /* iOS-study */;
			targetProxy = C755CB422A41913700FBA3E2 /* PBXContainerItemProxy */;
		};
		C755CB4D2A41913700FBA3E2 /* PBXTargetDependency */ = {
			isa = PBXTargetDependency;
			target = C755CB2F2A41913600FBA3E2 /* iOS-study */;
			targetProxy = C755CB4C2A41913700FBA3E2 /* PBXContainerItemProxy */;
		};
/* End PBXTargetDependency section */

/* Begin XCBuildConfiguration section */
		C755CB532A41913700FBA3E2 /* Debug */ = {
			isa = XCBuildConfiguration;
			buildSettings = {
				ALWAYS_SEARCH_USER_PATHS = NO;
				CLANG_ANALYZER_NONNULL = YES;
				CLANG_ANALYZER_NUMBER_OBJECT_CONVERSION = YES_AGGRESSIVE;
				CLANG_CXX_LANGUAGE_STANDARD = "gnu++20";
				CLANG_ENABLE_MODULES = YES;
				CLANG_ENABLE_OBJC_ARC = YES;
				CLANG_ENABLE_OBJC_WEAK = YES;
				CLANG_WARN_BLOCK_CAPTURE_AUTORELEASING = YES;
				CLANG_WARN_BOOL_CONVERSION = YES;
				CLANG_WARN_COMMA = YES;
				CLANG_WARN_CONSTANT_CONVERSION = YES;
				CLANG_WARN_DEPRECATED_OBJC_IMPLEMENTATIONS = YES;
				CLANG_WARN_DIRECT_OBJC_ISA_USAGE = YES_ERROR;
				CLANG_WARN_DOCUMENTATION_COMMENTS = YES;
				CLANG_WARN_EMPTY_BODY = YES;
				CLANG_WARN_ENUM_CONVERSION = YES;
				CLANG_WARN_INFINITE_RECURSION = YES;
				CLANG_WARN_INT_CONVERSION = YES;
				CLANG_WARN_NON_LITERAL_NULL_CONVERSION = YES;
				CLANG_WARN_OBJC_IMPLICIT_RETAIN_SELF = YES;
				CLANG_WARN_OBJC_LITERAL_CONVERSION = YES;
				CLANG_WARN_OBJC_ROOT_CLASS = YES_ERROR;
				CLANG_WARN_QUOTED_INCLUDE_IN_FRAMEWORK_HEADER = YES;
				CLANG_WARN_RANGE_LOOP_ANALYSIS = YES;
				CLANG_WARN_STRICT_PROTOTYPES = YES;
				CLANG_WARN_SUSPICIOUS_MOVE = YES;
				CLANG_WARN_UNGUARDED_AVAILABILITY = YES_AGGRESSIVE;
				CLANG_WARN_UNREACHABLE_CODE = YES;
				CLANG_WARN__DUPLICATE_METHOD_MATCH = YES;
				COPY_PHASE_STRIP = NO;
				DEBUG_INFORMATION_FORMAT = dwarf;
				ENABLE_STRICT_OBJC_MSGSEND = YES;
				ENABLE_TESTABILITY = YES;
				GCC_C_LANGUAGE_STANDARD = gnu11;
				GCC_DYNAMIC_NO_PIC = NO;
				GCC_NO_COMMON_BLOCKS = YES;
				GCC_OPTIMIZATION_LEVEL = 0;
				GCC_PREPROCESSOR_DEFINITIONS = (
					"DEBUG=1",
					"$(inherited)",
				);
				GCC_WARN_64_TO_32_BIT_CONVERSION = YES;
				GCC_WARN_ABOUT_RETURN_TYPE = YES_ERROR;
				GCC_WARN_UNDECLARED_SELECTOR = YES;
				GCC_WARN_UNINITIALIZED_AUTOS = YES_AGGRESSIVE;
				GCC_WARN_UNUSED_FUNCTION = YES;
				GCC_WARN_UNUSED_VARIABLE = YES;
				MTL_ENABLE_DEBUG_INFO = INCLUDE_SOURCE;
				MTL_FAST_MATH = YES;
				ONLY_ACTIVE_ARCH = YES;
				SWIFT_ACTIVE_COMPILATION_CONDITIONS = DEBUG;
				SWIFT_OPTIMIZATION_LEVEL = "-Onone";
			};
			name = Debug;
		};
		C755CB542A41913700FBA3E2 /* Release */ = {
			isa = XCBuildConfiguration;
			buildSettings = {
				ALWAYS_SEARCH_USER_PATHS = NO;
				CLANG_ANALYZER_NONNULL = YES;
				CLANG_ANALYZER_NUMBER_OBJECT_CONVERSION = YES_AGGRESSIVE;
				CLANG_CXX_LANGUAGE_STANDARD = "gnu++20";
				CLANG_ENABLE_MODULES = YES;
				CLANG_ENABLE_OBJC_ARC = YES;
				CLANG_ENABLE_OBJC_WEAK = YES;
				CLANG_WARN_BLOCK_CAPTURE_AUTORELEASING = YES;
				CLANG_WARN_BOOL_CONVERSION = YES;
				CLANG_WARN_COMMA = YES;
				CLANG_WARN_CONSTANT_CONVERSION = YES;
				CLANG_WARN_DEPRECATED_OBJC_IMPLEMENTATIONS = YES;
				CLANG_WARN_DIRECT_OBJC_ISA_USAGE = YES_ERROR;
				CLANG_WARN_DOCUMENTATION_COMMENTS = YES;
				CLANG_WARN_EMPTY_BODY = YES;
				CLANG_WARN_ENUM_CONVERSION = YES;
				CLANG_WARN_INFINITE_RECURSION = YES;
				CLANG_WARN_INT_CONVERSION = YES;
				CLANG_WARN_NON_LITERAL_NULL_CONVERSION = YES;
				CLANG_WARN_OBJC_IMPLICIT_RETAIN_SELF = YES;
				CLANG_WARN_OBJC_LITERAL_CONVERSION = YES;
				CLANG_WARN_OBJC_ROOT_CLASS = YES_ERROR;
				CLANG_WARN_QUOTED_INCLUDE_IN_FRAMEWORK_HEADER = YES;
				CLANG_WARN_RANGE_LOOP_ANALYSIS = YES;
				CLANG_WARN_STRICT_PROTOTYPES = YES;
				CLANG_WARN_SUSPICIOUS_MOVE = YES;
				CLANG_WARN_UNGUARDED_AVAILABILITY = YES_AGGRESSIVE;
				CLANG_WARN_UNREACHABLE_CODE = YES;
				CLANG_WARN__DUPLICATE_METHOD_MATCH = YES;
				COPY_PHASE_STRIP = NO;
				DEBUG_INFORMATION_FORMAT = "dwarf-with-dsym";
				ENABLE_NS_ASSERTIONS = NO;
				ENABLE_STRICT_OBJC_MSGSEND = YES;
				GCC_C_LANGUAGE_STANDARD = gnu11;
				GCC_NO_COMMON_BLOCKS = YES;
				GCC_WARN_64_TO_32_BIT_CONVERSION = YES;
				GCC_WARN_ABOUT_RETURN_TYPE = YES_ERROR;
				GCC_WARN_UNDECLARED_SELECTOR = YES;
				GCC_WARN_UNINITIALIZED_AUTOS = YES_AGGRESSIVE;
				GCC_WARN_UNUSED_FUNCTION = YES;
				GCC_WARN_UNUSED_VARIABLE = YES;
				MTL_ENABLE_DEBUG_INFO = NO;
				MTL_FAST_MATH = YES;
				SWIFT_COMPILATION_MODE = wholemodule;
				SWIFT_OPTIMIZATION_LEVEL = "-O";
			};
			name = Release;
		};
		C755CB562A41913700FBA3E2 /* Debug */ = {
			isa = XCBuildConfiguration;
			buildSettings = {
				ASSETCATALOG_COMPILER_APPICON_NAME = AppIcon;
				ASSETCATALOG_COMPILER_GLOBAL_ACCENT_COLOR_NAME = AccentColor;
				CODE_SIGN_ENTITLEMENTS = "iOS-study/iOS_study.entitlements";
				CODE_SIGN_STYLE = Automatic;
				CURRENT_PROJECT_VERSION = 1;
				DEVELOPMENT_ASSET_PATHS = "\"iOS-study/Preview Content\"";
				DEVELOPMENT_TEAM = TNS3KZ4LM5;
				ENABLE_HARDENED_RUNTIME = YES;
				ENABLE_PREVIEWS = YES;
				GENERATE_INFOPLIST_FILE = YES;
				"INFOPLIST_KEY_UIApplicationSceneManifest_Generation[sdk=iphoneos*]" = YES;
				"INFOPLIST_KEY_UIApplicationSceneManifest_Generation[sdk=iphonesimulator*]" = YES;
				"INFOPLIST_KEY_UIApplicationSupportsIndirectInputEvents[sdk=iphoneos*]" = YES;
				"INFOPLIST_KEY_UIApplicationSupportsIndirectInputEvents[sdk=iphonesimulator*]" = YES;
				"INFOPLIST_KEY_UILaunchScreen_Generation[sdk=iphoneos*]" = YES;
				"INFOPLIST_KEY_UILaunchScreen_Generation[sdk=iphonesimulator*]" = YES;
				"INFOPLIST_KEY_UIStatusBarStyle[sdk=iphoneos*]" = UIStatusBarStyleDefault;
				"INFOPLIST_KEY_UIStatusBarStyle[sdk=iphonesimulator*]" = UIStatusBarStyleDefault;
				INFOPLIST_KEY_UISupportedInterfaceOrientations_iPad = "UIInterfaceOrientationPortrait UIInterfaceOrientationPortraitUpsideDown UIInterfaceOrientationLandscapeLeft UIInterfaceOrientationLandscapeRight";
				INFOPLIST_KEY_UISupportedInterfaceOrientations_iPhone = "UIInterfaceOrientationPortrait UIInterfaceOrientationLandscapeLeft UIInterfaceOrientationLandscapeRight";
				IPHONEOS_DEPLOYMENT_TARGET = 16.4;
				LD_RUNPATH_SEARCH_PATHS = "@executable_path/Frameworks";
				"LD_RUNPATH_SEARCH_PATHS[sdk=macosx*]" = "@executable_path/../Frameworks";
				MACOSX_DEPLOYMENT_TARGET = 13.3;
				MARKETING_VERSION = 1.0;
				PRODUCT_BUNDLE_IDENTIFIER = "test.iOS-study";
				PRODUCT_NAME = "$(TARGET_NAME)";
				SDKROOT = auto;
				SUPPORTED_PLATFORMS = "iphoneos iphonesimulator macosx";
				SWIFT_EMIT_LOC_STRINGS = YES;
				SWIFT_VERSION = 5.0;
				TARGETED_DEVICE_FAMILY = "1,2";
			};
			name = Debug;
		};
		C755CB572A41913700FBA3E2 /* Release */ = {
			isa = XCBuildConfiguration;
			buildSettings = {
				ASSETCATALOG_COMPILER_APPICON_NAME = AppIcon;
				ASSETCATALOG_COMPILER_GLOBAL_ACCENT_COLOR_NAME = AccentColor;
				CODE_SIGN_ENTITLEMENTS = "iOS-study/iOS_study.entitlements";
				CODE_SIGN_STYLE = Automatic;
				CURRENT_PROJECT_VERSION = 1;
				DEVELOPMENT_ASSET_PATHS = "\"iOS-study/Preview Content\"";
				DEVELOPMENT_TEAM = TNS3KZ4LM5;
				ENABLE_HARDENED_RUNTIME = YES;
				ENABLE_PREVIEWS = YES;
				GENERATE_INFOPLIST_FILE = YES;
				"INFOPLIST_KEY_UIApplicationSceneManifest_Generation[sdk=iphoneos*]" = YES;
				"INFOPLIST_KEY_UIApplicationSceneManifest_Generation[sdk=iphonesimulator*]" = YES;
				"INFOPLIST_KEY_UIApplicationSupportsIndirectInputEvents[sdk=iphoneos*]" = YES;
				"INFOPLIST_KEY_UIApplicationSupportsIndirectInputEvents[sdk=iphonesimulator*]" = YES;
				"INFOPLIST_KEY_UILaunchScreen_Generation[sdk=iphoneos*]" = YES;
				"INFOPLIST_KEY_UILaunchScreen_Generation[sdk=iphonesimulator*]" = YES;
				"INFOPLIST_KEY_UIStatusBarStyle[sdk=iphoneos*]" = UIStatusBarStyleDefault;
				"INFOPLIST_KEY_UIStatusBarStyle[sdk=iphonesimulator*]" = UIStatusBarStyleDefault;
				INFOPLIST_KEY_UISupportedInterfaceOrientations_iPad = "UIInterfaceOrientationPortrait UIInterfaceOrientationPortraitUpsideDown UIInterfaceOrientationLandscapeLeft UIInterfaceOrientationLandscapeRight";
				INFOPLIST_KEY_UISupportedInterfaceOrientations_iPhone = "UIInterfaceOrientationPortrait UIInterfaceOrientationLandscapeLeft UIInterfaceOrientationLandscapeRight";
				IPHONEOS_DEPLOYMENT_TARGET = 16.4;
				LD_RUNPATH_SEARCH_PATHS = "@executable_path/Frameworks";
				"LD_RUNPATH_SEARCH_PATHS[sdk=macosx*]" = "@executable_path/../Frameworks";
				MACOSX_DEPLOYMENT_TARGET = 13.3;
				MARKETING_VERSION = 1.0;
				PRODUCT_BUNDLE_IDENTIFIER = "test.iOS-study";
				PRODUCT_NAME = "$(TARGET_NAME)";
				SDKROOT = auto;
				SUPPORTED_PLATFORMS = "iphoneos iphonesimulator macosx";
				SWIFT_EMIT_LOC_STRINGS = YES;
				SWIFT_VERSION = 5.0;
				TARGETED_DEVICE_FAMILY = "1,2";
			};
			name = Release;
		};
		C755CB592A41913700FBA3E2 /* Debug */ = {
			isa = XCBuildConfiguration;
			buildSettings = {
				ALWAYS_EMBED_SWIFT_STANDARD_LIBRARIES = YES;
				BUNDLE_LOADER = "$(TEST_HOST)";
				CODE_SIGN_STYLE = Automatic;
				CURRENT_PROJECT_VERSION = 1;
				DEVELOPMENT_TEAM = TNS3KZ4LM5;
				GENERATE_INFOPLIST_FILE = YES;
				IPHONEOS_DEPLOYMENT_TARGET = 16.4;
				MACOSX_DEPLOYMENT_TARGET = 13.3;
				MARKETING_VERSION = 1.0;
				PRODUCT_BUNDLE_IDENTIFIER = "test.iOS-studyTests";
				PRODUCT_NAME = "$(TARGET_NAME)";
				SDKROOT = auto;
				SUPPORTED_PLATFORMS = "iphoneos iphonesimulator macosx";
				SWIFT_EMIT_LOC_STRINGS = NO;
				SWIFT_VERSION = 5.0;
				TARGETED_DEVICE_FAMILY = "1,2";
				TEST_HOST = "$(BUILT_PRODUCTS_DIR)/iOS-study.app/$(BUNDLE_EXECUTABLE_FOLDER_PATH)/iOS-study";
			};
			name = Debug;
		};
		C755CB5A2A41913700FBA3E2 /* Release */ = {
			isa = XCBuildConfiguration;
			buildSettings = {
				ALWAYS_EMBED_SWIFT_STANDARD_LIBRARIES = YES;
				BUNDLE_LOADER = "$(TEST_HOST)";
				CODE_SIGN_STYLE = Automatic;
				CURRENT_PROJECT_VERSION = 1;
				DEVELOPMENT_TEAM = TNS3KZ4LM5;
				GENERATE_INFOPLIST_FILE = YES;
				IPHONEOS_DEPLOYMENT_TARGET = 16.4;
				MACOSX_DEPLOYMENT_TARGET = 13.3;
				MARKETING_VERSION = 1.0;
				PRODUCT_BUNDLE_IDENTIFIER = "test.iOS-studyTests";
				PRODUCT_NAME = "$(TARGET_NAME)";
				SDKROOT = auto;
				SUPPORTED_PLATFORMS = "iphoneos iphonesimulator macosx";
				SWIFT_EMIT_LOC_STRINGS = NO;
				SWIFT_VERSION = 5.0;
				TARGETED_DEVICE_FAMILY = "1,2";
				TEST_HOST = "$(BUILT_PRODUCTS_DIR)/iOS-study.app/$(BUNDLE_EXECUTABLE_FOLDER_PATH)/iOS-study";
			};
			name = Release;
		};
		C755CB5C2A41913700FBA3E2 /* Debug */ = {
			isa = XCBuildConfiguration;
			buildSettings = {
				ALWAYS_EMBED_SWIFT_STANDARD_LIBRARIES = YES;
				CODE_SIGN_STYLE = Automatic;
				CURRENT_PROJECT_VERSION = 1;
				DEVELOPMENT_TEAM = TNS3KZ4LM5;
				GENERATE_INFOPLIST_FILE = YES;
				IPHONEOS_DEPLOYMENT_TARGET = 16.4;
				MACOSX_DEPLOYMENT_TARGET = 13.3;
				MARKETING_VERSION = 1.0;
				PRODUCT_BUNDLE_IDENTIFIER = "test.iOS-studyUITests";
				PRODUCT_NAME = "$(TARGET_NAME)";
				SDKROOT = auto;
				SUPPORTED_PLATFORMS = "iphoneos iphonesimulator macosx";
				SWIFT_EMIT_LOC_STRINGS = NO;
				SWIFT_VERSION = 5.0;
				TARGETED_DEVICE_FAMILY = "1,2";
				TEST_TARGET_NAME = "iOS-study";
			};
			name = Debug;
		};
		C755CB5D2A41913700FBA3E2 /* Release */ = {
			isa = XCBuildConfiguration;
			buildSettings = {
				ALWAYS_EMBED_SWIFT_STANDARD_LIBRARIES = YES;
				CODE_SIGN_STYLE = Automatic;
				CURRENT_PROJECT_VERSION = 1;
				DEVELOPMENT_TEAM = TNS3KZ4LM5;
				GENERATE_INFOPLIST_FILE = YES;
				IPHONEOS_DEPLOYMENT_TARGET = 16.4;
				MACOSX_DEPLOYMENT_TARGET = 13.3;
				MARKETING_VERSION = 1.0;
				PRODUCT_BUNDLE_IDENTIFIER = "test.iOS-studyUITests";
				PRODUCT_NAME = "$(TARGET_NAME)";
				SDKROOT = auto;
				SUPPORTED_PLATFORMS = "iphoneos iphonesimulator macosx";
				SWIFT_EMIT_LOC_STRINGS = NO;
				SWIFT_VERSION = 5.0;
				TARGETED_DEVICE_FAMILY = "1,2";
				TEST_TARGET_NAME = "iOS-study";
			};
			name = Release;
		};
/* End XCBuildConfiguration section */

/* Begin XCConfigurationList section */
		C755CB2B2A41913600FBA3E2 /* Build configuration list for PBXProject "iOS-study" */ = {
			isa = XCConfigurationList;
			buildConfigurations = (
				C755CB532A41913700FBA3E2 /* Debug */,
				C755CB542A41913700FBA3E2 /* Release */,
			);
			defaultConfigurationIsVisible = 0;
			defaultConfigurationName = Release;
		};
		C755CB552A41913700FBA3E2 /* Build configuration list for PBXNativeTarget "iOS-study" */ = {
			isa = XCConfigurationList;
			buildConfigurations = (
				C755CB562A41913700FBA3E2 /* Debug */,
				C755CB572A41913700FBA3E2 /* Release */,
			);
			defaultConfigurationIsVisible = 0;
			defaultConfigurationName = Release;
		};
		C755CB582A41913700FBA3E2 /* Build configuration list for PBXNativeTarget "iOS-studyTests" */ = {
			isa = XCConfigurationList;
			buildConfigurations = (
				C755CB592A41913700FBA3E2 /* Debug */,
				C755CB5A2A41913700FBA3E2 /* Release */,
			);
			defaultConfigurationIsVisible = 0;
			defaultConfigurationName = Release;
		};
		C755CB5B2A41913700FBA3E2 /* Build configuration list for PBXNativeTarget "iOS-studyUITests" */ = {
			isa = XCConfigurationList;
			buildConfigurations = (
				C755CB5C2A41913700FBA3E2 /* Debug */,
				C755CB5D2A41913700FBA3E2 /* Release */,
			);
			defaultConfigurationIsVisible = 0;
			defaultConfigurationName = Release;
		};
/* End XCConfigurationList section */

/* Begin XCRemoteSwiftPackageReference section */
		C755CB5E2A41920F00FBA3E2 /* XCRemoteSwiftPackageReference "ios-training" */ = {
			isa = XCRemoteSwiftPackageReference;
			repositoryURL = "https://github.com/yumemi-inc/ios-training.git";
			requirement = {
				branch = main;
				kind = branch;
			};
		};
/* End XCRemoteSwiftPackageReference section */

/* Begin XCSwiftPackageProductDependency section */
		C755CB5F2A41920F00FBA3E2 /* YumemiWeather */ = {
			isa = XCSwiftPackageProductDependency;
			package = C755CB5E2A41920F00FBA3E2 /* XCRemoteSwiftPackageReference "ios-training" */;
			productName = YumemiWeather;
		};
/* End XCSwiftPackageProductDependency section */
	};
	rootObject = C755CB282A41913600FBA3E2 /* Project object */;
}
