{
  "pins" : [
    {
      "identity" : "ios-training",
      "kind" : "remoteSourceControl",
      "location" : "https://github.com/yumemi-inc/ios-training.git",
      "state" : {
        "branch" : "main",
        "revision" : "372f9df45fb2670fad082296de6995f2410b9c9d"
      }
    }
  ],
  "version" : 2
}
